
Microsoft Visual Studio Solution File, Format Version 12.00
# Visual Studio 15
VisualStudioVersion = 15.0.27004.2002
MinimumVisualStudioVersion = 10.0.40219.1
Project("{FAE04EC0-301F-11D3-BF4B-00C04F79EFBC}") = "demo_2017.11.26", "demo_2017.11.26\demo_2017.11.26.csproj", "{3AB1679C-7123-4543-A33E-8098FDF63A67}"
EndProject
Global
	GlobalSection(SolutionConfigurationPlatforms) = preSolution
		Debug|Any CPU = Debug|Any CPU
		Release|Any CPU = Release|Any CPU
	EndGlobalSection
	GlobalSection(ProjectConfigurationPlatforms) = postSolution
		{3AB1679C-7123-4543-A33E-8098FDF63A67}.Debug|Any CPU.ActiveCfg = Debug|Any CPU
		{3AB1679C-7123-4543-A33E-8098FDF63A67}.Debug|Any CPU.Build.0 = Debug|Any CPU
		{3AB1679C-7123-4543-A33E-8098FDF63A67}.Release|Any CPU.ActiveCfg = Release|Any CPU
		{3AB1679C-7123-4543-A33E-8098FDF63A67}.Release|Any CPU.Build.0 = Release|Any CPU
	EndGlobalSection
	GlobalSection(SolutionProperties) = preSolution
		HideSolutionNode = FALSE
	EndGlobalSection
	GlobalSection(ExtensibilityGlobals) = postSolution
		SolutionGuid = {5057AB3E-A0DA-480C-99C5-5431FFC99EC7}
	EndGlobalSection
EndGlobal
